
Microsoft Visual Studio Solution File, Format Version 12.00
# Visual Studio Version 17
VisualStudioVersion = 17.5.33502.453
MinimumVisualStudioVersion = 10.0.40219.1
Project("{FAE04EC0-301F-11D3-BF4B-00C04F79EFBC}") = "Roplayer", "Roplayer.csproj", "{14FFE3D7-0DD3-4389-B66D-B98447483D69}"
EndProject
Global
	GlobalSection(SolutionConfigurationPlatforms) = preSolution
		Debug|Any CPU = Debug|Any CPU
		Release|Any CPU = Release|Any CPU
	EndGlobalSection
	GlobalSection(ProjectConfigurationPlatforms) = postSolution
		{14FFE3D7-0DD3-4389-B66D-B98447483D69}.Debug|Any CPU.ActiveCfg = Debug|Any CPU
		{14FFE3D7-0DD3-4389-B66D-B98447483D69}.Debug|Any CPU.Build.0 = Debug|Any CPU
		{14FFE3D7-0DD3-4389-B66D-B98447483D69}.Release|Any CPU.ActiveCfg = Release|Any CPU
		{14FFE3D7-0DD3-4389-B66D-B98447483D69}.Release|Any CPU.Build.0 = Release|Any CPU
	EndGlobalSection
	GlobalSection(SolutionProperties) = preSolution
		HideSolutionNode = FALSE
	EndGlobalSection
	GlobalSection(ExtensibilityGlobals) = postSolution
		SolutionGuid = {124A3CAF-5C5C-4294-BAA2-F6247E586968}
	EndGlobalSection
EndGlobal
